
Microsoft Visual Studio Solution File, Format Version 12.00
# Visual Studio Version 16
VisualStudioVersion = 16.0.32802.440
MinimumVisualStudioVersion = 10.0.40219.1
Project("{FAE04EC0-301F-11D3-BF4B-00C04F79EFBC}") = "Shopping.Client", "Shopping.Client\Shopping.Client.csproj", "{C21E2B28-8A15-428B-98FD-97B8B3A203EA}"
EndProject
Global
	GlobalSection(SolutionConfigurationPlatforms) = preSolution
		Debug|Any CPU = Debug|Any CPU
		Release|Any CPU = Release|Any CPU
	EndGlobalSection
	GlobalSection(ProjectConfigurationPlatforms) = postSolution
		{C21E2B28-8A15-428B-98FD-97B8B3A203EA}.Debug|Any CPU.ActiveCfg = Debug|Any CPU
		{C21E2B28-8A15-428B-98FD-97B8B3A203EA}.Debug|Any CPU.Build.0 = Debug|Any CPU
		{C21E2B28-8A15-428B-98FD-97B8B3A203EA}.Release|Any CPU.ActiveCfg = Release|Any CPU
		{C21E2B28-8A15-428B-98FD-97B8B3A203EA}.Release|Any CPU.Build.0 = Release|Any CPU
	EndGlobalSection
	GlobalSection(SolutionProperties) = preSolution
		HideSolutionNode = FALSE
	EndGlobalSection
	GlobalSection(ExtensibilityGlobals) = postSolution
		SolutionGuid = {91B4118F-E61C-4830-BA53-9263D70032DF}
	EndGlobalSection
EndGlobal
